
Microsoft Visual Studio Solution File, Format Version 12.00
# Visual Studio Version 17
VisualStudioVersion = 17.11.35312.102
MinimumVisualStudioVersion = 10.0.40219.1
Project("{FAE04EC0-301F-11D3-BF4B-00C04F79EFBC}") = "Encapsulation", "Encapsulation\Encapsulation.csproj", "{707F128E-B77B-48A6-9EE5-E42F767CACBC}"
EndProject
Project("{FAE04EC0-301F-11D3-BF4B-00C04F79EFBC}") = "ClassLibrary1", "ClassLibrary1\ClassLibrary1.csproj", "{EE67DBE8-1F25-428A-877D-9982FEA2AD96}"
EndProject
Global
	GlobalSection(SolutionConfigurationPlatforms) = preSolution
		Debug|Any CPU = Debug|Any CPU
		Release|Any CPU = Release|Any CPU
	EndGlobalSection
	GlobalSection(ProjectConfigurationPlatforms) = postSolution
		{707F128E-B77B-48A6-9EE5-E42F767CACBC}.Debug|Any CPU.ActiveCfg = Debug|Any CPU
		{707F128E-B77B-48A6-9EE5-E42F767CACBC}.Debug|Any CPU.Build.0 = Debug|Any CPU
		{707F128E-B77B-48A6-9EE5-E42F767CACBC}.Release|Any CPU.ActiveCfg = Release|Any CPU
		{707F128E-B77B-48A6-9EE5-E42F767CACBC}.Release|Any CPU.Build.0 = Release|Any CPU
		{EE67DBE8-1F25-428A-877D-9982FEA2AD96}.Debug|Any CPU.ActiveCfg = Debug|Any CPU
		{EE67DBE8-1F25-428A-877D-9982FEA2AD96}.Debug|Any CPU.Build.0 = Debug|Any CPU
		{EE67DBE8-1F25-428A-877D-9982FEA2AD96}.Release|Any CPU.ActiveCfg = Release|Any CPU
		{EE67DBE8-1F25-428A-877D-9982FEA2AD96}.Release|Any CPU.Build.0 = Release|Any CPU
	EndGlobalSection
	GlobalSection(SolutionProperties) = preSolution
		HideSolutionNode = FALSE
	EndGlobalSection
	GlobalSection(ExtensibilityGlobals) = postSolution
		SolutionGuid = {F9428601-07E8-44CD-A0B3-5B04F3FCD586}
	EndGlobalSection
EndGlobal
